
Microsoft Visual Studio Solution File, Format Version 12.00
# Visual Studio 15
VisualStudioVersion = 15.0.27703.2000
MinimumVisualStudioVersion = 10.0.40219.1
Project("{FAE04EC0-301F-11D3-BF4B-00C04F79EFBC}") = "EnumTypes", "EnumTypes\EnumTypes.csproj", "{42BD4017-0A53-4DB7-97EA-72CDE9A53122}"
EndProject
Global
	GlobalSection(SolutionConfigurationPlatforms) = preSolution
		Debug|Any CPU = Debug|Any CPU
		Release|Any CPU = Release|Any CPU
	EndGlobalSection
	GlobalSection(ProjectConfigurationPlatforms) = postSolution
		{42BD4017-0A53-4DB7-97EA-72CDE9A53122}.Debug|Any CPU.ActiveCfg = Debug|Any CPU
		{42BD4017-0A53-4DB7-97EA-72CDE9A53122}.Debug|Any CPU.Build.0 = Debug|Any CPU
		{42BD4017-0A53-4DB7-97EA-72CDE9A53122}.Release|Any CPU.ActiveCfg = Release|Any CPU
		{42BD4017-0A53-4DB7-97EA-72CDE9A53122}.Release|Any CPU.Build.0 = Release|Any CPU
	EndGlobalSection
	GlobalSection(SolutionProperties) = preSolution
		HideSolutionNode = FALSE
	EndGlobalSection
	GlobalSection(ExtensibilityGlobals) = postSolution
		SolutionGuid = {40108FA7-AD82-452D-A3B6-19F5F703F461}
	EndGlobalSection
EndGlobal
