
Microsoft Visual Studio Solution File, Format Version 12.00
# Visual Studio 15
VisualStudioVersion = 15.0.27703.2000
MinimumVisualStudioVersion = 10.0.40219.1
Project("{FAE04EC0-301F-11D3-BF4B-00C04F79EFBC}") = "Types_Objects_Classes", "Types_Objects_Classes\Types_Objects_Classes.csproj", "{362813D7-5C79-4634-8EEB-7351216EE60A}"
EndProject
Global
	GlobalSection(SolutionConfigurationPlatforms) = preSolution
		Debug|Any CPU = Debug|Any CPU
		Release|Any CPU = Release|Any CPU
	EndGlobalSection
	GlobalSection(ProjectConfigurationPlatforms) = postSolution
		{362813D7-5C79-4634-8EEB-7351216EE60A}.Debug|Any CPU.ActiveCfg = Debug|Any CPU
		{362813D7-5C79-4634-8EEB-7351216EE60A}.Debug|Any CPU.Build.0 = Debug|Any CPU
		{362813D7-5C79-4634-8EEB-7351216EE60A}.Release|Any CPU.ActiveCfg = Release|Any CPU
		{362813D7-5C79-4634-8EEB-7351216EE60A}.Release|Any CPU.Build.0 = Release|Any CPU
	EndGlobalSection
	GlobalSection(SolutionProperties) = preSolution
		HideSolutionNode = FALSE
	EndGlobalSection
	GlobalSection(ExtensibilityGlobals) = postSolution
		SolutionGuid = {C6D3C58C-25F7-42DA-9EFC-27D3FFA88F23}
	EndGlobalSection
EndGlobal
